
Microsoft Visual Studio Solution File, Format Version 12.00
# Visual Studio Version 17
VisualStudioVersion = 17.9.34902.65
MinimumVisualStudioVersion = 10.0.40219.1
Project("{FAE04EC0-301F-11D3-BF4B-00C04F79EFBC}") = "ShopBackgroundSystem", "ShopBackgroundSystem.csproj", "{131C06C6-5376-443C-B8CC-F63EA6A175D4}"
EndProject
Global
	GlobalSection(SolutionConfigurationPlatforms) = preSolution
		Debug|Any CPU = Debug|Any CPU
		Release|Any CPU = Release|Any CPU
	EndGlobalSection
	GlobalSection(ProjectConfigurationPlatforms) = postSolution
		{131C06C6-5376-443C-B8CC-F63EA6A175D4}.Debug|Any CPU.ActiveCfg = Debug|Any CPU
		{131C06C6-5376-443C-B8CC-F63EA6A175D4}.Debug|Any CPU.Build.0 = Debug|Any CPU
		{131C06C6-5376-443C-B8CC-F63EA6A175D4}.Release|Any CPU.ActiveCfg = Release|Any CPU
		{131C06C6-5376-443C-B8CC-F63EA6A175D4}.Release|Any CPU.Build.0 = Release|Any CPU
	EndGlobalSection
	GlobalSection(SolutionProperties) = preSolution
		HideSolutionNode = FALSE
	EndGlobalSection
	GlobalSection(ExtensibilityGlobals) = postSolution
		SolutionGuid = {BCFD2155-CE31-4F0E-B501-6A1F34869A6B}
	EndGlobalSection
EndGlobal
